// !$*UTF8*$!
{
	archiveVersion = 1;
	classes = {
	};
	objectVersion = 56;
	objects = {

/* Begin PBXBuildFile section */
		290EEF1D2C0CA57200DB2809 /* DemoApp.swift in Sources */ = {isa = PBXBuildFile; fileRef = 290EEF1C2C0CA57200DB2809 /* DemoApp.swift */; };
		290EEF212C0CA57200DB2809 /* Assets.xcassets in Resources */ = {isa = PBXBuildFile; fileRef = 290EEF202C0CA57200DB2809 /* Assets.xcassets */; };
		290EEF252C0CA57200DB2809 /* Preview Assets.xcassets in Resources */ = {isa = PBXBuildFile; fileRef = 290EEF242C0CA57200DB2809 /* Preview Assets.xcassets */; };
		2945041A2C1217C300A6000C /* ComponentsSection.swift in Sources */ = {isa = PBXBuildFile; fileRef = 294504192C1217C300A6000C /* ComponentsSection.swift */; };
		2945041D2C121C5C00A6000C /* PrimaryTextField.swift in Sources */ = {isa = PBXBuildFile; fileRef = 2945041C2C121C5C00A6000C /* PrimaryTextField.swift */; };
		29AFA5F62C1131E20074A0DC /* Page.swift in Sources */ = {isa = PBXBuildFile; fileRef = 29AFA5F52C1131E20074A0DC /* Page.swift */; };
		29AFA5F82C1132900074A0DC /* WindowProperties.swift in Sources */ = {isa = PBXBuildFile; fileRef = 29AFA5F72C1132900074A0DC /* WindowProperties.swift */; };
		29AFA5FA2C1132A70074A0DC /* Global.swift in Sources */ = {isa = PBXBuildFile; fileRef = 29AFA5F92C1132A70074A0DC /* Global.swift */; };
		29AFA5FC2C1132CD0074A0DC /* WindowView.swift in Sources */ = {isa = PBXBuildFile; fileRef = 29AFA5FB2C1132CD0074A0DC /* WindowView.swift */; };
		29AFA5FF2C1132E90074A0DC /* BrowserView.swift in Sources */ = {isa = PBXBuildFile; fileRef = 29AFA5FE2C1132E90074A0DC /* BrowserView.swift */; };
		29AFA6092C11335F0074A0DC /* ObservableScriptMessageHandlerModifier.swift in Sources */ = {isa = PBXBuildFile; fileRef = 29AFA6002C11335F0074A0DC /* ObservableScriptMessageHandlerModifier.swift */; };
		29AFA60A2C11335F0074A0DC /* Delay.swift in Sources */ = {isa = PBXBuildFile; fileRef = 29AFA6022C11335F0074A0DC /* Delay.swift */; };
		29AFA60B2C11335F0074A0DC /* ObservableWebView.swift in Sources */ = {isa = PBXBuildFile; fileRef = 29AFA6042C11335F0074A0DC /* ObservableWebView.swift */; };
		29AFA60C2C11335F0074A0DC /* ObservableWebViewCoordinator.swift in Sources */ = {isa = PBXBuildFile; fileRef = 29AFA6052C11335F0074A0DC /* ObservableWebViewCoordinator.swift */; };
		29AFA60D2C11335F0074A0DC /* ObservableWebViewLoadState.swift in Sources */ = {isa = PBXBuildFile; fileRef = 29AFA6062C11335F0074A0DC /* ObservableWebViewLoadState.swift */; };
		29AFA60E2C11335F0074A0DC /* ObservableWebViewManager.swift in Sources */ = {isa = PBXBuildFile; fileRef = 29AFA6072C11335F0074A0DC /* ObservableWebViewManager.swift */; };
		29AFA6102C1133F00074A0DC /* WebViewContainer.swift in Sources */ = {isa = PBXBuildFile; fileRef = 29AFA60F2C1133F00074A0DC /* WebViewContainer.swift */; };
		29AFA6132C11372E0074A0DC /* ComponentsView.swift in Sources */ = {isa = PBXBuildFile; fileRef = 29AFA6122C11372E0074A0DC /* ComponentsView.swift */; };
		29AFA6172C120C260074A0DC /* PrimaryButton.swift in Sources */ = {isa = PBXBuildFile; fileRef = 29AFA6162C120C260074A0DC /* PrimaryButton.swift */; };
		29AFA61B2C1212270074A0DC /* HexColor.swift in Sources */ = {isa = PBXBuildFile; fileRef = 29AFA61A2C1212270074A0DC /* HexColor.swift */; };
		29B1D6D72C13627D00CAF1AA /* TypeSwift.swift in Sources */ = {isa = PBXBuildFile; fileRef = 29B1D6D42C13627D00CAF1AA /* TypeSwift.swift */; };
		29B1D6D82C13627D00CAF1AA /* WKExtensions.swift in Sources */ = {isa = PBXBuildFile; fileRef = 29B1D6D52C13627D00CAF1AA /* WKExtensions.swift */; };
		29B1D6DA2C136B7400CAF1AA /* EnumDropdownMenu.swift in Sources */ = {isa = PBXBuildFile; fileRef = 29B1D6D92C136B7400CAF1AA /* EnumDropdownMenu.swift */; };
		29B1D6DD2C136C9F00CAF1AA /* MonoSubheader.swift in Sources */ = {isa = PBXBuildFile; fileRef = 29B1D6DC2C136C9F00CAF1AA /* MonoSubheader.swift */; };
		29B1D6DF2C136D2000CAF1AA /* LargeSwitch.swift in Sources */ = {isa = PBXBuildFile; fileRef = 29B1D6DE2C136D2000CAF1AA /* LargeSwitch.swift */; };
		29B1D6E12C136E9900CAF1AA /* LargeHeader.swift in Sources */ = {isa = PBXBuildFile; fileRef = 29B1D6E02C136E9900CAF1AA /* LargeHeader.swift */; };
/* End PBXBuildFile section */

/* Begin PBXFileReference section */
		290EEF192C0CA57200DB2809 /* Demo.app */ = {isa = PBXFileReference; explicitFileType = wrapper.application; includeInIndex = 0; path = Demo.app; sourceTree = BUILT_PRODUCTS_DIR; };
		290EEF1C2C0CA57200DB2809 /* DemoApp.swift */ = {isa = PBXFileReference; lastKnownFileType = sourcecode.swift; path = DemoApp.swift; sourceTree = "<group>"; };
		290EEF202C0CA57200DB2809 /* Assets.xcassets */ = {isa = PBXFileReference; lastKnownFileType = folder.assetcatalog; path = Assets.xcassets; sourceTree = "<group>"; };
		290EEF222C0CA57200DB2809 /* Demo.entitlements */ = {isa = PBXFileReference; lastKnownFileType = text.plist.entitlements; path = Demo.entitlements; sourceTree = "<group>"; };
		290EEF242C0CA57200DB2809 /* Preview Assets.xcassets */ = {isa = PBXFileReference; lastKnownFileType = folder.assetcatalog; path = "Preview Assets.xcassets"; sourceTree = "<group>"; };
		294504192C1217C300A6000C /* ComponentsSection.swift */ = {isa = PBXFileReference; lastKnownFileType = sourcecode.swift; path = ComponentsSection.swift; sourceTree = "<group>"; };
		2945041C2C121C5C00A6000C /* PrimaryTextField.swift */ = {isa = PBXFileReference; lastKnownFileType = sourcecode.swift; path = PrimaryTextField.swift; sourceTree = "<group>"; };
		29AFA5F52C1131E20074A0DC /* Page.swift */ = {isa = PBXFileReference; lastKnownFileType = sourcecode.swift; path = Page.swift; sourceTree = "<group>"; };
		29AFA5F72C1132900074A0DC /* WindowProperties.swift */ = {isa = PBXFileReference; lastKnownFileType = sourcecode.swift; path = WindowProperties.swift; sourceTree = "<group>"; };
		29AFA5F92C1132A70074A0DC /* Global.swift */ = {isa = PBXFileReference; lastKnownFileType = sourcecode.swift; path = Global.swift; sourceTree = "<group>"; };
		29AFA5FB2C1132CD0074A0DC /* WindowView.swift */ = {isa = PBXFileReference; lastKnownFileType = sourcecode.swift; path = WindowView.swift; sourceTree = "<group>"; };
		29AFA5FE2C1132E90074A0DC /* BrowserView.swift */ = {isa = PBXFileReference; lastKnownFileType = sourcecode.swift; path = BrowserView.swift; sourceTree = "<group>"; };
		29AFA6002C11335F0074A0DC /* ObservableScriptMessageHandlerModifier.swift */ = {isa = PBXFileReference; fileEncoding = 4; lastKnownFileType = sourcecode.swift; path = ObservableScriptMessageHandlerModifier.swift; sourceTree = "<group>"; };
		29AFA6022C11335F0074A0DC /* Delay.swift */ = {isa = PBXFileReference; fileEncoding = 4; lastKnownFileType = sourcecode.swift; path = Delay.swift; sourceTree = "<group>"; };
		29AFA6042C11335F0074A0DC /* ObservableWebView.swift */ = {isa = PBXFileReference; fileEncoding = 4; lastKnownFileType = sourcecode.swift; path = ObservableWebView.swift; sourceTree = "<group>"; };
		29AFA6052C11335F0074A0DC /* ObservableWebViewCoordinator.swift */ = {isa = PBXFileReference; fileEncoding = 4; lastKnownFileType = sourcecode.swift; path = ObservableWebViewCoordinator.swift; sourceTree = "<group>"; };
		29AFA6062C11335F0074A0DC /* ObservableWebViewLoadState.swift */ = {isa = PBXFileReference; fileEncoding = 4; lastKnownFileType = sourcecode.swift; path = ObservableWebViewLoadState.swift; sourceTree = "<group>"; };
		29AFA6072C11335F0074A0DC /* ObservableWebViewManager.swift */ = {isa = PBXFileReference; fileEncoding = 4; lastKnownFileType = sourcecode.swift; path = ObservableWebViewManager.swift; sourceTree = "<group>"; };
		29AFA60F2C1133F00074A0DC /* WebViewContainer.swift */ = {isa = PBXFileReference; lastKnownFileType = sourcecode.swift; path = WebViewContainer.swift; sourceTree = "<group>"; };
		29AFA6122C11372E0074A0DC /* ComponentsView.swift */ = {isa = PBXFileReference; lastKnownFileType = sourcecode.swift; path = ComponentsView.swift; sourceTree = "<group>"; };
		29AFA6162C120C260074A0DC /* PrimaryButton.swift */ = {isa = PBXFileReference; lastKnownFileType = sourcecode.swift; path = PrimaryButton.swift; sourceTree = "<group>"; };
		29AFA61A2C1212270074A0DC /* HexColor.swift */ = {isa = PBXFileReference; lastKnownFileType = sourcecode.swift; path = HexColor.swift; sourceTree = "<group>"; };
		29B1D6D42C13627D00CAF1AA /* TypeSwift.swift */ = {isa = PBXFileReference; fileEncoding = 4; lastKnownFileType = sourcecode.swift; path = TypeSwift.swift; sourceTree = "<group>"; };
		29B1D6D52C13627D00CAF1AA /* WKExtensions.swift */ = {isa = PBXFileReference; fileEncoding = 4; lastKnownFileType = sourcecode.swift; path = WKExtensions.swift; sourceTree = "<group>"; };
		29B1D6D92C136B7400CAF1AA /* EnumDropdownMenu.swift */ = {isa = PBXFileReference; lastKnownFileType = sourcecode.swift; path = EnumDropdownMenu.swift; sourceTree = "<group>"; };
		29B1D6DC2C136C9F00CAF1AA /* MonoSubheader.swift */ = {isa = PBXFileReference; lastKnownFileType = sourcecode.swift; path = MonoSubheader.swift; sourceTree = "<group>"; };
		29B1D6DE2C136D2000CAF1AA /* LargeSwitch.swift */ = {isa = PBXFileReference; lastKnownFileType = sourcecode.swift; path = LargeSwitch.swift; sourceTree = "<group>"; };
		29B1D6E02C136E9900CAF1AA /* LargeHeader.swift */ = {isa = PBXFileReference; lastKnownFileType = sourcecode.swift; path = LargeHeader.swift; sourceTree = "<group>"; };
/* End PBXFileReference section */

/* Begin PBXFrameworksBuildPhase section */
		290EEF162C0CA57200DB2809 /* Frameworks */ = {
			isa = PBXFrameworksBuildPhase;
			buildActionMask = 2147483647;
			files = (
			);
			runOnlyForDeploymentPostprocessing = 0;
		};
/* End PBXFrameworksBuildPhase section */

/* Begin PBXGroup section */
		290EEF102C0CA57200DB2809 = {
			isa = PBXGroup;
			children = (
				290EEF1B2C0CA57200DB2809 /* Demo */,
				290EEF1A2C0CA57200DB2809 /* Products */,
			);
			sourceTree = "<group>";
		};
		290EEF1A2C0CA57200DB2809 /* Products */ = {
			isa = PBXGroup;
			children = (
				290EEF192C0CA57200DB2809 /* Demo.app */,
			);
			name = Products;
			sourceTree = "<group>";
		};
		290EEF1B2C0CA57200DB2809 /* Demo */ = {
			isa = PBXGroup;
			children = (
				290EEF1C2C0CA57200DB2809 /* DemoApp.swift */,
				29B1D6D62C13627D00CAF1AA /* TypeSwift */,
				29AFA5F42C1131D60074A0DC /* Environments */,
				29AFA5F52C1131E20074A0DC /* Page.swift */,
				29AFA5FB2C1132CD0074A0DC /* WindowView.swift */,
				29AFA6182C12120E0074A0DC /* Utilities */,
				29AFA5FD2C1132DC0074A0DC /* Views */,
				29AFA6082C11335F0074A0DC /* ObservableWebView */,
				290EEF202C0CA57200DB2809 /* Assets.xcassets */,
				290EEF222C0CA57200DB2809 /* Demo.entitlements */,
				290EEF232C0CA57200DB2809 /* Preview Content */,
			);
			path = Demo;
			sourceTree = "<group>";
		};
		290EEF232C0CA57200DB2809 /* Preview Content */ = {
			isa = PBXGroup;
			children = (
				290EEF242C0CA57200DB2809 /* Preview Assets.xcassets */,
			);
			path = "Preview Content";
			sourceTree = "<group>";
		};
		294504182C12177400A6000C /* Pages */ = {
			isa = PBXGroup;
			children = (
				29AFA6112C11371F0074A0DC /* ComponentsView */,
			);
			path = Pages;
			sourceTree = "<group>";
		};
		2945041B2C121C4700A6000C /* TextFields */ = {
			isa = PBXGroup;
			children = (
				2945041C2C121C5C00A6000C /* PrimaryTextField.swift */,
			);
			path = TextFields;
			sourceTree = "<group>";
		};
		29AFA5F42C1131D60074A0DC /* Environments */ = {
			isa = PBXGroup;
			children = (
				29AFA5F92C1132A70074A0DC /* Global.swift */,
				29AFA5F72C1132900074A0DC /* WindowProperties.swift */,
			);
			path = Environments;
			sourceTree = "<group>";
		};
		29AFA5FD2C1132DC0074A0DC /* Views */ = {
			isa = PBXGroup;
			children = (
				29AFA6142C120C120074A0DC /* Components */,
				29AFA5FE2C1132E90074A0DC /* BrowserView.swift */,
				29AFA60F2C1133F00074A0DC /* WebViewContainer.swift */,
				294504182C12177400A6000C /* Pages */,
			);
			path = Views;
			sourceTree = "<group>";
		};
		29AFA6012C11335F0074A0DC /* Modifiers */ = {
			isa = PBXGroup;
			children = (
				29AFA6002C11335F0074A0DC /* ObservableScriptMessageHandlerModifier.swift */,
			);
			path = Modifiers;
			sourceTree = "<group>";
		};
		29AFA6032C11335F0074A0DC /* Utilities */ = {
			isa = PBXGroup;
			children = (
				29AFA6022C11335F0074A0DC /* Delay.swift */,
			);
			path = Utilities;
			sourceTree = "<group>";
		};
		29AFA6082C11335F0074A0DC /* ObservableWebView */ = {
			isa = PBXGroup;
			children = (
				29AFA6012C11335F0074A0DC /* Modifiers */,
				29AFA6032C11335F0074A0DC /* Utilities */,
				29AFA6042C11335F0074A0DC /* ObservableWebView.swift */,
				29AFA6052C11335F0074A0DC /* ObservableWebViewCoordinator.swift */,
				29AFA6062C11335F0074A0DC /* ObservableWebViewLoadState.swift */,
				29AFA6072C11335F0074A0DC /* ObservableWebViewManager.swift */,
			);
			path = ObservableWebView;
			sourceTree = "<group>";
		};
		29AFA6112C11371F0074A0DC /* ComponentsView */ = {
			isa = PBXGroup;
			children = (
				29AFA6122C11372E0074A0DC /* ComponentsView.swift */,
				294504192C1217C300A6000C /* ComponentsSection.swift */,
			);
			path = ComponentsView;
			sourceTree = "<group>";
		};
		29AFA6142C120C120074A0DC /* Components */ = {
			isa = PBXGroup;
			children = (
				29B1D6DB2C136C8500CAF1AA /* TextStyles */,
				2945041B2C121C4700A6000C /* TextFields */,
				29AFA6152C120C170074A0DC /* Buttons */,
				29B1D6D92C136B7400CAF1AA /* EnumDropdownMenu.swift */,
				29B1D6DE2C136D2000CAF1AA /* LargeSwitch.swift */,
			);
			path = Components;
			sourceTree = "<group>";
		};
		29AFA6152C120C170074A0DC /* Buttons */ = {
			isa = PBXGroup;
			children = (
				29AFA6162C120C260074A0DC /* PrimaryButton.swift */,
			);
			path = Buttons;
			sourceTree = "<group>";
		};
		29AFA6182C12120E0074A0DC /* Utilities */ = {
			isa = PBXGroup;
			children = (
				29AFA6192C1212180074A0DC /* Extensions */,
			);
			path = Utilities;
			sourceTree = "<group>";
		};
		29AFA6192C1212180074A0DC /* Extensions */ = {
			isa = PBXGroup;
			children = (
				29AFA61A2C1212270074A0DC /* HexColor.swift */,
			);
			path = Extensions;
			sourceTree = "<group>";
		};
		29B1D6D62C13627D00CAF1AA /* TypeSwift */ = {
			isa = PBXGroup;
			children = (
				29B1D6D42C13627D00CAF1AA /* TypeSwift.swift */,
				29B1D6D52C13627D00CAF1AA /* WKExtensions.swift */,
			);
			path = TypeSwift;
			sourceTree = "<group>";
		};
		29B1D6DB2C136C8500CAF1AA /* TextStyles */ = {
			isa = PBXGroup;
			children = (
				29B1D6DC2C136C9F00CAF1AA /* MonoSubheader.swift */,
				29B1D6E02C136E9900CAF1AA /* LargeHeader.swift */,
			);
			path = TextStyles;
			sourceTree = "<group>";
		};
/* End PBXGroup section */

/* Begin PBXNativeTarget section */
		290EEF182C0CA57200DB2809 /* Demo */ = {
			isa = PBXNativeTarget;
			buildConfigurationList = 290EEF282C0CA57200DB2809 /* Build configuration list for PBXNativeTarget "Demo" */;
			buildPhases = (
				290EEF152C0CA57200DB2809 /* Sources */,
				290EEF162C0CA57200DB2809 /* Frameworks */,
				290EEF172C0CA57200DB2809 /* Resources */,
			);
			buildRules = (
			);
			dependencies = (
			);
			name = Demo;
			productName = Demo;
			productReference = 290EEF192C0CA57200DB2809 /* Demo.app */;
			productType = "com.apple.product-type.application";
		};
/* End PBXNativeTarget section */

/* Begin PBXProject section */
		290EEF112C0CA57200DB2809 /* Project object */ = {
			isa = PBXProject;
			attributes = {
				BuildIndependentTargetsInParallel = 1;
				LastSwiftUpdateCheck = 1540;
				LastUpgradeCheck = 1540;
				TargetAttributes = {
					290EEF182C0CA57200DB2809 = {
						CreatedOnToolsVersion = 15.4;
					};
				};
			};
			buildConfigurationList = 290EEF142C0CA57200DB2809 /* Build configuration list for PBXProject "Demo" */;
			compatibilityVersion = "Xcode 14.0";
			developmentRegion = en;
			hasScannedForEncodings = 0;
			knownRegions = (
				en,
				Base,
			);
			mainGroup = 290EEF102C0CA57200DB2809;
			productRefGroup = 290EEF1A2C0CA57200DB2809 /* Products */;
			projectDirPath = "";
			projectRoot = "";
			targets = (
				290EEF182C0CA57200DB2809 /* Demo */,
			);
		};
/* End PBXProject section */

/* Begin PBXResourcesBuildPhase section */
		290EEF172C0CA57200DB2809 /* Resources */ = {
			isa = PBXResourcesBuildPhase;
			buildActionMask = 2147483647;
			files = (
				290EEF252C0CA57200DB2809 /* Preview Assets.xcassets in Resources */,
				290EEF212C0CA57200DB2809 /* Assets.xcassets in Resources */,
			);
			runOnlyForDeploymentPostprocessing = 0;
		};
/* End PBXResourcesBuildPhase section */

/* Begin PBXSourcesBuildPhase section */
		290EEF152C0CA57200DB2809 /* Sources */ = {
			isa = PBXSourcesBuildPhase;
			buildActionMask = 2147483647;
			files = (
				29AFA5FC2C1132CD0074A0DC /* WindowView.swift in Sources */,
				29AFA60D2C11335F0074A0DC /* ObservableWebViewLoadState.swift in Sources */,
				29B1D6DA2C136B7400CAF1AA /* EnumDropdownMenu.swift in Sources */,
				29AFA5FF2C1132E90074A0DC /* BrowserView.swift in Sources */,
				29B1D6D82C13627D00CAF1AA /* WKExtensions.swift in Sources */,
				290EEF1D2C0CA57200DB2809 /* DemoApp.swift in Sources */,
				29B1D6DD2C136C9F00CAF1AA /* MonoSubheader.swift in Sources */,
				29AFA6132C11372E0074A0DC /* ComponentsView.swift in Sources */,
				29B1D6E12C136E9900CAF1AA /* LargeHeader.swift in Sources */,
				29AFA6102C1133F00074A0DC /* WebViewContainer.swift in Sources */,
				2945041D2C121C5C00A6000C /* PrimaryTextField.swift in Sources */,
				29B1D6DF2C136D2000CAF1AA /* LargeSwitch.swift in Sources */,
				29AFA5F82C1132900074A0DC /* WindowProperties.swift in Sources */,
				29AFA5FA2C1132A70074A0DC /* Global.swift in Sources */,
				29AFA60E2C11335F0074A0DC /* ObservableWebViewManager.swift in Sources */,
				29AFA60A2C11335F0074A0DC /* Delay.swift in Sources */,
				29AFA6092C11335F0074A0DC /* ObservableScriptMessageHandlerModifier.swift in Sources */,
				29B1D6D72C13627D00CAF1AA /* TypeSwift.swift in Sources */,
				29AFA60B2C11335F0074A0DC /* ObservableWebView.swift in Sources */,
				29AFA6172C120C260074A0DC /* PrimaryButton.swift in Sources */,
				29AFA61B2C1212270074A0DC /* HexColor.swift in Sources */,
				29AFA5F62C1131E20074A0DC /* Page.swift in Sources */,
				2945041A2C1217C300A6000C /* ComponentsSection.swift in Sources */,
				29AFA60C2C11335F0074A0DC /* ObservableWebViewCoordinator.swift in Sources */,
			);
			runOnlyForDeploymentPostprocessing = 0;
		};
/* End PBXSourcesBuildPhase section */

/* Begin XCBuildConfiguration section */
		290EEF262C0CA57200DB2809 /* Debug */ = {
			isa = XCBuildConfiguration;
			buildSettings = {
				ALWAYS_SEARCH_USER_PATHS = NO;
				ASSETCATALOG_COMPILER_GENERATE_SWIFT_ASSET_SYMBOL_EXTENSIONS = YES;
				CLANG_ANALYZER_NONNULL = YES;
				CLANG_ANALYZER_NUMBER_OBJECT_CONVERSION = YES_AGGRESSIVE;
				CLANG_CXX_LANGUAGE_STANDARD = "gnu++20";
				CLANG_ENABLE_MODULES = YES;
				CLANG_ENABLE_OBJC_ARC = YES;
				CLANG_ENABLE_OBJC_WEAK = YES;
				CLANG_WARN_BLOCK_CAPTURE_AUTORELEASING = YES;
				CLANG_WARN_BOOL_CONVERSION = YES;
				CLANG_WARN_COMMA = YES;
				CLANG_WARN_CONSTANT_CONVERSION = YES;
				CLANG_WARN_DEPRECATED_OBJC_IMPLEMENTATIONS = YES;
				CLANG_WARN_DIRECT_OBJC_ISA_USAGE = YES_ERROR;
				CLANG_WARN_DOCUMENTATION_COMMENTS = YES;
				CLANG_WARN_EMPTY_BODY = YES;
				CLANG_WARN_ENUM_CONVERSION = YES;
				CLANG_WARN_INFINITE_RECURSION = YES;
				CLANG_WARN_INT_CONVERSION = YES;
				CLANG_WARN_NON_LITERAL_NULL_CONVERSION = YES;
				CLANG_WARN_OBJC_IMPLICIT_RETAIN_SELF = YES;
				CLANG_WARN_OBJC_LITERAL_CONVERSION = YES;
				CLANG_WARN_OBJC_ROOT_CLASS = YES_ERROR;
				CLANG_WARN_QUOTED_INCLUDE_IN_FRAMEWORK_HEADER = YES;
				CLANG_WARN_RANGE_LOOP_ANALYSIS = YES;
				CLANG_WARN_STRICT_PROTOTYPES = YES;
				CLANG_WARN_SUSPICIOUS_MOVE = YES;
				CLANG_WARN_UNGUARDED_AVAILABILITY = YES_AGGRESSIVE;
				CLANG_WARN_UNREACHABLE_CODE = YES;
				CLANG_WARN__DUPLICATE_METHOD_MATCH = YES;
				COPY_PHASE_STRIP = NO;
				DEBUG_INFORMATION_FORMAT = dwarf;
				ENABLE_STRICT_OBJC_MSGSEND = YES;
				ENABLE_TESTABILITY = YES;
				ENABLE_USER_SCRIPT_SANDBOXING = YES;
				GCC_C_LANGUAGE_STANDARD = gnu17;
				GCC_DYNAMIC_NO_PIC = NO;
				GCC_NO_COMMON_BLOCKS = YES;
				GCC_OPTIMIZATION_LEVEL = 0;
				GCC_PREPROCESSOR_DEFINITIONS = (
					"DEBUG=1",
					"$(inherited)",
				);
				GCC_WARN_64_TO_32_BIT_CONVERSION = YES;
				GCC_WARN_ABOUT_RETURN_TYPE = YES_ERROR;
				GCC_WARN_UNDECLARED_SELECTOR = YES;
				GCC_WARN_UNINITIALIZED_AUTOS = YES_AGGRESSIVE;
				GCC_WARN_UNUSED_FUNCTION = YES;
				GCC_WARN_UNUSED_VARIABLE = YES;
				LOCALIZATION_PREFERS_STRING_CATALOGS = YES;
				MTL_ENABLE_DEBUG_INFO = INCLUDE_SOURCE;
				MTL_FAST_MATH = YES;
				ONLY_ACTIVE_ARCH = YES;
				SWIFT_ACTIVE_COMPILATION_CONDITIONS = "DEBUG $(inherited)";
				SWIFT_OPTIMIZATION_LEVEL = "-Onone";
			};
			name = Debug;
		};
		290EEF272C0CA57200DB2809 /* Release */ = {
			isa = XCBuildConfiguration;
			buildSettings = {
				ALWAYS_SEARCH_USER_PATHS = NO;
				ASSETCATALOG_COMPILER_GENERATE_SWIFT_ASSET_SYMBOL_EXTENSIONS = YES;
				CLANG_ANALYZER_NONNULL = YES;
				CLANG_ANALYZER_NUMBER_OBJECT_CONVERSION = YES_AGGRESSIVE;
				CLANG_CXX_LANGUAGE_STANDARD = "gnu++20";
				CLANG_ENABLE_MODULES = YES;
				CLANG_ENABLE_OBJC_ARC = YES;
				CLANG_ENABLE_OBJC_WEAK = YES;
				CLANG_WARN_BLOCK_CAPTURE_AUTORELEASING = YES;
				CLANG_WARN_BOOL_CONVERSION = YES;
				CLANG_WARN_COMMA = YES;
				CLANG_WARN_CONSTANT_CONVERSION = YES;
				CLANG_WARN_DEPRECATED_OBJC_IMPLEMENTATIONS = YES;
				CLANG_WARN_DIRECT_OBJC_ISA_USAGE = YES_ERROR;
				CLANG_WARN_DOCUMENTATION_COMMENTS = YES;
				CLANG_WARN_EMPTY_BODY = YES;
				CLANG_WARN_ENUM_CONVERSION = YES;
				CLANG_WARN_INFINITE_RECURSION = YES;
				CLANG_WARN_INT_CONVERSION = YES;
				CLANG_WARN_NON_LITERAL_NULL_CONVERSION = YES;
				CLANG_WARN_OBJC_IMPLICIT_RETAIN_SELF = YES;
				CLANG_WARN_OBJC_LITERAL_CONVERSION = YES;
				CLANG_WARN_OBJC_ROOT_CLASS = YES_ERROR;
				CLANG_WARN_QUOTED_INCLUDE_IN_FRAMEWORK_HEADER = YES;
				CLANG_WARN_RANGE_LOOP_ANALYSIS = YES;
				CLANG_WARN_STRICT_PROTOTYPES = YES;
				CLANG_WARN_SUSPICIOUS_MOVE = YES;
				CLANG_WARN_UNGUARDED_AVAILABILITY = YES_AGGRESSIVE;
				CLANG_WARN_UNREACHABLE_CODE = YES;
				CLANG_WARN__DUPLICATE_METHOD_MATCH = YES;
				COPY_PHASE_STRIP = NO;
				DEBUG_INFORMATION_FORMAT = "dwarf-with-dsym";
				ENABLE_NS_ASSERTIONS = NO;
				ENABLE_STRICT_OBJC_MSGSEND = YES;
				ENABLE_USER_SCRIPT_SANDBOXING = YES;
				GCC_C_LANGUAGE_STANDARD = gnu17;
				GCC_NO_COMMON_BLOCKS = YES;
				GCC_WARN_64_TO_32_BIT_CONVERSION = YES;
				GCC_WARN_ABOUT_RETURN_TYPE = YES_ERROR;
				GCC_WARN_UNDECLARED_SELECTOR = YES;
				GCC_WARN_UNINITIALIZED_AUTOS = YES_AGGRESSIVE;
				GCC_WARN_UNUSED_FUNCTION = YES;
				GCC_WARN_UNUSED_VARIABLE = YES;
				LOCALIZATION_PREFERS_STRING_CATALOGS = YES;
				MTL_ENABLE_DEBUG_INFO = NO;
				MTL_FAST_MATH = YES;
				SWIFT_COMPILATION_MODE = wholemodule;
			};
			name = Release;
		};
		290EEF292C0CA57200DB2809 /* Debug */ = {
			isa = XCBuildConfiguration;
			buildSettings = {
				ASSETCATALOG_COMPILER_APPICON_NAME = AppIcon;
				ASSETCATALOG_COMPILER_GLOBAL_ACCENT_COLOR_NAME = AccentColor;
				CODE_SIGN_ENTITLEMENTS = Demo/Demo.entitlements;
				CODE_SIGN_STYLE = Automatic;
				CURRENT_PROJECT_VERSION = 1;
				DEVELOPMENT_ASSET_PATHS = "\"Demo/Preview Content\"";
				DEVELOPMENT_TEAM = 85N3S3DG8M;
				ENABLE_HARDENED_RUNTIME = YES;
				ENABLE_PREVIEWS = YES;
				GENERATE_INFOPLIST_FILE = YES;
				"INFOPLIST_KEY_UIApplicationSceneManifest_Generation[sdk=iphoneos*]" = YES;
				"INFOPLIST_KEY_UIApplicationSceneManifest_Generation[sdk=iphonesimulator*]" = YES;
				"INFOPLIST_KEY_UIApplicationSupportsIndirectInputEvents[sdk=iphoneos*]" = YES;
				"INFOPLIST_KEY_UIApplicationSupportsIndirectInputEvents[sdk=iphonesimulator*]" = YES;
				"INFOPLIST_KEY_UILaunchScreen_Generation[sdk=iphoneos*]" = YES;
				"INFOPLIST_KEY_UILaunchScreen_Generation[sdk=iphonesimulator*]" = YES;
				"INFOPLIST_KEY_UIStatusBarStyle[sdk=iphoneos*]" = UIStatusBarStyleDefault;
				"INFOPLIST_KEY_UIStatusBarStyle[sdk=iphonesimulator*]" = UIStatusBarStyleDefault;
				INFOPLIST_KEY_UISupportedInterfaceOrientations_iPad = "UIInterfaceOrientationPortrait UIInterfaceOrientationPortraitUpsideDown UIInterfaceOrientationLandscapeLeft UIInterfaceOrientationLandscapeRight";
				INFOPLIST_KEY_UISupportedInterfaceOrientations_iPhone = "UIInterfaceOrientationPortrait UIInterfaceOrientationLandscapeLeft UIInterfaceOrientationLandscapeRight";
				IPHONEOS_DEPLOYMENT_TARGET = 17.0;
				LD_RUNPATH_SEARCH_PATHS = "@executable_path/Frameworks";
				"LD_RUNPATH_SEARCH_PATHS[sdk=macosx*]" = "@executable_path/../Frameworks";
				MACOSX_DEPLOYMENT_TARGET = 14.0;
				MARKETING_VERSION = 1.0;
				PRODUCT_BUNDLE_IDENTIFIER = org.typeswift.Demo;
				PRODUCT_NAME = "$(TARGET_NAME)";
				SDKROOT = auto;
				SUPPORTED_PLATFORMS = "iphoneos iphonesimulator macosx";
				SWIFT_EMIT_LOC_STRINGS = YES;
				SWIFT_VERSION = 5.0;
				TARGETED_DEVICE_FAMILY = "1,2";
			};
			name = Debug;
		};
		290EEF2A2C0CA57200DB2809 /* Release */ = {
			isa = XCBuildConfiguration;
			buildSettings = {
				ASSETCATALOG_COMPILER_APPICON_NAME = AppIcon;
				ASSETCATALOG_COMPILER_GLOBAL_ACCENT_COLOR_NAME = AccentColor;
				CODE_SIGN_ENTITLEMENTS = Demo/Demo.entitlements;
				CODE_SIGN_STYLE = Automatic;
				CURRENT_PROJECT_VERSION = 1;
				DEVELOPMENT_ASSET_PATHS = "\"Demo/Preview Content\"";
				DEVELOPMENT_TEAM = 85N3S3DG8M;
				ENABLE_HARDENED_RUNTIME = YES;
				ENABLE_PREVIEWS = YES;
				GENERATE_INFOPLIST_FILE = YES;
				"INFOPLIST_KEY_UIApplicationSceneManifest_Generation[sdk=iphoneos*]" = YES;
				"INFOPLIST_KEY_UIApplicationSceneManifest_Generation[sdk=iphonesimulator*]" = YES;
				"INFOPLIST_KEY_UIApplicationSupportsIndirectInputEvents[sdk=iphoneos*]" = YES;
				"INFOPLIST_KEY_UIApplicationSupportsIndirectInputEvents[sdk=iphonesimulator*]" = YES;
				"INFOPLIST_KEY_UILaunchScreen_Generation[sdk=iphoneos*]" = YES;
				"INFOPLIST_KEY_UILaunchScreen_Generation[sdk=iphonesimulator*]" = YES;
				"INFOPLIST_KEY_UIStatusBarStyle[sdk=iphoneos*]" = UIStatusBarStyleDefault;
				"INFOPLIST_KEY_UIStatusBarStyle[sdk=iphonesimulator*]" = UIStatusBarStyleDefault;
				INFOPLIST_KEY_UISupportedInterfaceOrientations_iPad = "UIInterfaceOrientationPortrait UIInterfaceOrientationPortraitUpsideDown UIInterfaceOrientationLandscapeLeft UIInterfaceOrientationLandscapeRight";
				INFOPLIST_KEY_UISupportedInterfaceOrientations_iPhone = "UIInterfaceOrientationPortrait UIInterfaceOrientationLandscapeLeft UIInterfaceOrientationLandscapeRight";
				IPHONEOS_DEPLOYMENT_TARGET = 17.0;
				LD_RUNPATH_SEARCH_PATHS = "@executable_path/Frameworks";
				"LD_RUNPATH_SEARCH_PATHS[sdk=macosx*]" = "@executable_path/../Frameworks";
				MACOSX_DEPLOYMENT_TARGET = 14.0;
				MARKETING_VERSION = 1.0;
				PRODUCT_BUNDLE_IDENTIFIER = org.typeswift.Demo;
				PRODUCT_NAME = "$(TARGET_NAME)";
				SDKROOT = auto;
				SUPPORTED_PLATFORMS = "iphoneos iphonesimulator macosx";
				SWIFT_EMIT_LOC_STRINGS = YES;
				SWIFT_VERSION = 5.0;
				TARGETED_DEVICE_FAMILY = "1,2";
			};
			name = Release;
		};
/* End XCBuildConfiguration section */

/* Begin XCConfigurationList section */
		290EEF142C0CA57200DB2809 /* Build configuration list for PBXProject "Demo" */ = {
			isa = XCConfigurationList;
			buildConfigurations = (
				290EEF262C0CA57200DB2809 /* Debug */,
				290EEF272C0CA57200DB2809 /* Release */,
			);
			defaultConfigurationIsVisible = 0;
			defaultConfigurationName = Release;
		};
		290EEF282C0CA57200DB2809 /* Build configuration list for PBXNativeTarget "Demo" */ = {
			isa = XCConfigurationList;
			buildConfigurations = (
				290EEF292C0CA57200DB2809 /* Debug */,
				290EEF2A2C0CA57200DB2809 /* Release */,
			);
			defaultConfigurationIsVisible = 0;
			defaultConfigurationName = Release;
		};
/* End XCConfigurationList section */
	};
	rootObject = 290EEF112C0CA57200DB2809 /* Project object */;
}
